
Microsoft Visual Studio Solution File, Format Version 12.00
# Visual Studio Version 17
VisualStudioVersion = 17.2.32630.192
MinimumVisualStudioVersion = 10.0.40219.1
Project("{FAE04EC0-301F-11D3-BF4B-00C04F79EFBC}") = "ReynardHashAPI", "ReynardHashAPI\ReynardHashAPI.csproj", "{FCDD9615-555F-4357-8521-254BC0249E73}"
EndProject
Project("{FAE04EC0-301F-11D3-BF4B-00C04F79EFBC}") = "ReynardHashTest", "ReynardHashTest\ReynardHashTest.csproj", "{BC03A6D9-7723-4EE8-82C1-E88E687E0500}"
EndProject
Global
	GlobalSection(SolutionConfigurationPlatforms) = preSolution
		Debug|Any CPU = Debug|Any CPU
		Release|Any CPU = Release|Any CPU
	EndGlobalSection
	GlobalSection(ProjectConfigurationPlatforms) = postSolution
		{FCDD9615-555F-4357-8521-254BC0249E73}.Debug|Any CPU.ActiveCfg = Debug|Any CPU
		{FCDD9615-555F-4357-8521-254BC0249E73}.Debug|Any CPU.Build.0 = Debug|Any CPU
		{FCDD9615-555F-4357-8521-254BC0249E73}.Release|Any CPU.ActiveCfg = Release|Any CPU
		{FCDD9615-555F-4357-8521-254BC0249E73}.Release|Any CPU.Build.0 = Release|Any CPU
		{BC03A6D9-7723-4EE8-82C1-E88E687E0500}.Debug|Any CPU.ActiveCfg = Debug|Any CPU
		{BC03A6D9-7723-4EE8-82C1-E88E687E0500}.Debug|Any CPU.Build.0 = Debug|Any CPU
		{BC03A6D9-7723-4EE8-82C1-E88E687E0500}.Release|Any CPU.ActiveCfg = Release|Any CPU
		{BC03A6D9-7723-4EE8-82C1-E88E687E0500}.Release|Any CPU.Build.0 = Release|Any CPU
	EndGlobalSection
	GlobalSection(SolutionProperties) = preSolution
		HideSolutionNode = FALSE
	EndGlobalSection
	GlobalSection(ExtensibilityGlobals) = postSolution
		SolutionGuid = {300F4766-84F4-477A-8166-A874A0088345}
	EndGlobalSection
EndGlobal
